
Microsoft Visual Studio Solution File, Format Version 12.00
# Visual Studio Version 16
VisualStudioVersion = 16.0.30711.63
MinimumVisualStudioVersion = 10.0.40219.1
Project("{E24C65DC-7377-472B-9ABA-BC803B73C61A}") = "FormBuilder_PHP", ".", "{5FCCBB2C-101E-435E-8394-D0FC87681BAC}"
	ProjectSection(WebsiteProperties) = preProject
		TargetFrameworkMoniker = ".NETFramework,Version%3Dv4.0"
		Debug.AspNetCompiler.VirtualPath = "/localhost_4786"
		Debug.AspNetCompiler.PhysicalPath = "..\..\..\..\..\Portfolio\FormBuilder_PHP\"
		Debug.AspNetCompiler.TargetPath = "PrecompiledWeb\localhost_4786\"
		Debug.AspNetCompiler.Updateable = "true"
		Debug.AspNetCompiler.ForceOverwrite = "true"
		Debug.AspNetCompiler.FixedNames = "false"
		Debug.AspNetCompiler.Debug = "True"
		Release.AspNetCompiler.VirtualPath = "/localhost_4786"
		Release.AspNetCompiler.PhysicalPath = "..\..\..\..\..\Portfolio\FormBuilder_PHP\"
		Release.AspNetCompiler.TargetPath = "PrecompiledWeb\localhost_4786\"
		Release.AspNetCompiler.Updateable = "true"
		Release.AspNetCompiler.ForceOverwrite = "true"
		Release.AspNetCompiler.FixedNames = "false"
		Release.AspNetCompiler.Debug = "False"
		VWDPort = "4786"
	EndProjectSection
EndProject
Global
	GlobalSection(SolutionConfigurationPlatforms) = preSolution
		Debug|Any CPU = Debug|Any CPU
	EndGlobalSection
	GlobalSection(ProjectConfigurationPlatforms) = postSolution
		{5FCCBB2C-101E-435E-8394-D0FC87681BAC}.Debug|Any CPU.ActiveCfg = Debug|Any CPU
		{5FCCBB2C-101E-435E-8394-D0FC87681BAC}.Debug|Any CPU.Build.0 = Debug|Any CPU
	EndGlobalSection
	GlobalSection(SolutionProperties) = preSolution
		HideSolutionNode = FALSE
	EndGlobalSection
	GlobalSection(ExtensibilityGlobals) = postSolution
		SolutionGuid = {65E1D546-4C81-454E-8C60-E43AC6296992}
	EndGlobalSection
EndGlobal
